
Microsoft Visual Studio Solution File, Format Version 12.00
# Visual Studio 2012
Project("{FAE04EC0-301F-11D3-BF4B-00C04F79EFBC}") = "AzurePowerShellTools", "AzurePowerShellTools.csproj", "{74AA989A-1919-4F95-9C21-C92E1FB2B2D3}"
EndProject
Project("{FAE04EC0-301F-11D3-BF4B-00C04F79EFBC}") = "AzurePowerShellToolsTests", "..\AzurePowerShellToolsTests\AzurePowerShellToolsTests.csproj", "{E44CFE0F-5287-490C-9A5C-9F112B1A4DCC}"
EndProject
Project("{2150E333-8FDC-42A3-9474-1A3956D46DE8}") = ".nuget", ".nuget", "{4A7ED974-3092-4075-A55D-DCCCB53936C3}"
	ProjectSection(SolutionItems) = preProject
		.nuget\packages.config = .nuget\packages.config
	EndProjectSection
EndProject
Global
	GlobalSection(SolutionConfigurationPlatforms) = preSolution
		Debug|Any CPU = Debug|Any CPU
		Release|Any CPU = Release|Any CPU
	EndGlobalSection
	GlobalSection(ProjectConfigurationPlatforms) = postSolution
		{74AA989A-1919-4F95-9C21-C92E1FB2B2D3}.Debug|Any CPU.ActiveCfg = Debug|Any CPU
		{74AA989A-1919-4F95-9C21-C92E1FB2B2D3}.Debug|Any CPU.Build.0 = Debug|Any CPU
		{74AA989A-1919-4F95-9C21-C92E1FB2B2D3}.Release|Any CPU.ActiveCfg = Release|Any CPU
		{74AA989A-1919-4F95-9C21-C92E1FB2B2D3}.Release|Any CPU.Build.0 = Release|Any CPU
		{E44CFE0F-5287-490C-9A5C-9F112B1A4DCC}.Debug|Any CPU.ActiveCfg = Debug|Any CPU
		{E44CFE0F-5287-490C-9A5C-9F112B1A4DCC}.Debug|Any CPU.Build.0 = Debug|Any CPU
		{E44CFE0F-5287-490C-9A5C-9F112B1A4DCC}.Release|Any CPU.ActiveCfg = Release|Any CPU
		{E44CFE0F-5287-490C-9A5C-9F112B1A4DCC}.Release|Any CPU.Build.0 = Release|Any CPU
	EndGlobalSection
	GlobalSection(SolutionProperties) = preSolution
		HideSolutionNode = FALSE
	EndGlobalSection
EndGlobal
